
Microsoft Visual Studio Solution File, Format Version 12.00
# Visual Studio Version 16
VisualStudioVersion = 16.0.32228.343
MinimumVisualStudioVersion = 10.0.40219.1
Project("{FAE04EC0-301F-11D3-BF4B-00C04F79EFBC}") = "ParkyAPI", "ParkyAPI\ParkyAPI.csproj", "{291CF814-F84C-43E3-A035-F44C0192F19C}"
EndProject
Global
	GlobalSection(SolutionConfigurationPlatforms) = preSolution
		Debug|Any CPU = Debug|Any CPU
		Release|Any CPU = Release|Any CPU
	EndGlobalSection
	GlobalSection(ProjectConfigurationPlatforms) = postSolution
		{291CF814-F84C-43E3-A035-F44C0192F19C}.Debug|Any CPU.ActiveCfg = Debug|Any CPU
		{291CF814-F84C-43E3-A035-F44C0192F19C}.Debug|Any CPU.Build.0 = Debug|Any CPU
		{291CF814-F84C-43E3-A035-F44C0192F19C}.Release|Any CPU.ActiveCfg = Release|Any CPU
		{291CF814-F84C-43E3-A035-F44C0192F19C}.Release|Any CPU.Build.0 = Release|Any CPU
	EndGlobalSection
	GlobalSection(SolutionProperties) = preSolution
		HideSolutionNode = FALSE
	EndGlobalSection
	GlobalSection(ExtensibilityGlobals) = postSolution
		SolutionGuid = {79C92C0D-91B8-48DE-B8D6-D8AAD5A45AE9}
	EndGlobalSection
EndGlobal
